lockfileVersion: '6.0'

settings:
  autoInstallPeers: true
  excludeLinksFromLockfile: false

dependencies:
  webguy:
    specifier: ^2.1.0
    version: 2.1.0
  ws:
    specifier: ^8.14.1
    version: 8.14.1(bufferutil@4.0.7)

optionalDependencies:
  bufferutil:
    specifier: ^4.0.7
    version: 4.0.7

packages:

  /bufferutil@4.0.7:
    resolution: {integrity: sha512-kukuqc39WOHtdxtw4UScxF/WVnMFVSQVKhtx3AjZJzhd0RGZZldcrfSEbVsWWe6KNH253574cq5F+wpv0G9pJw==}
    engines: {node: '>=6.14.2'}
    requiresBuild: true
    dependencies:
      node-gyp-build: 4.6.1
    dev: false

  /dayjs@1.11.9:
    resolution: {integrity: sha512-QvzAURSbQ0pKdIye2txOzNaHmxtUBXerpY0FJsFXUMKbIZeFm5ht1LS/jFsrncjnmtv8HsG0W2g6c0zUjZWmpA==}
    dev: false

  /intertype@7.6.3:
    resolution: {integrity: sha512-77FmgaqGydWBc5OIde+geMj4+dGZ1i5UIFXM4C9QHiEIBjh+Gojycsb7XtRYYLNhNJepa+jotHXfAGPngHatzw==}
    dependencies:
      multimix: 5.0.0
    dev: false

  /multimix@5.0.0:
    resolution: {integrity: sha512-N9cdGSDDD7kxOV7R6e4iZqsHTZ4F4iiSDWqMcVqx4gEH6HBtRXav39Gj3fgT1YqvBcwPCQuf0Oa5R2cDaLWK8A==}
    dev: false

  /node-gyp-build@4.6.1:
    resolution: {integrity: sha512-24vnklJmyRS8ViBNI8KbtK/r/DmXQMRiOMXTNz2nrTnAYUwjmEEbnnpB/+kt+yWRv73bPsSPRFddrcIbAxSiMQ==}
    hasBin: true
    requiresBuild: true
    dev: false

  /webguy@2.1.0:
    resolution: {integrity: sha512-yDdcrKEtGrHAKG+xoeZ0d0Dq8Tze/l1sBdxr40CKOj7QEY+nZBfCN6uBoh5KY/nICtw1bIXXyfbtWUe5LPSJVg==}
    dependencies:
      dayjs: 1.11.9
      intertype: 7.6.3
    dev: false

  /ws@8.14.1(bufferutil@4.0.7):
    resolution: {integrity: sha512-4OOseMUq8AzRBI/7SLMUwO+FEDnguetSk7KMb1sHwvF2w2Wv5Hoj0nlifx8vtGsftE/jWHojPy8sMMzYLJ2G/A==}
    engines: {node: '>=10.0.0'}
    peerDependencies:
      bufferutil: ^4.0.1
      utf-8-validate: '>=5.0.2'
    peerDependenciesMeta:
      bufferutil:
        optional: true
      utf-8-validate:
        optional: true
    dependencies:
      bufferutil: 4.0.7
    dev: false
